// !$*UTF8*$!
{
	archiveVersion = 1;
	classes = {
	};
	objectVersion = 46;
	objects = {

/* Begin PBXBuildFile section */
		84172C291D3CA53000B4E6C8 /* ProfileTableViewController.m in Sources */ = {isa = PBXBuildFile; fileRef = 84172C281D3CA53000B4E6C8 /* ProfileTableViewController.m */; };
		84172C2D1D3CA9E600B4E6C8 /* FavoriteTableViewController.m in Sources */ = {isa = PBXBuildFile; fileRef = 84172C2C1D3CA9E600B4E6C8 /* FavoriteTableViewController.m */; };
		84172C311D3CAD1B00B4E6C8 /* FansTableViewController.m in Sources */ = {isa = PBXBuildFile; fileRef = 84172C301D3CAD1B00B4E6C8 /* FansTableViewController.m */; };
		84172C351D3CC41D00B4E6C8 /* SetupTableViewController.m in Sources */ = {isa = PBXBuildFile; fileRef = 84172C341D3CC41D00B4E6C8 /* SetupTableViewController.m */; };
		84172C381D3CC84400B4E6C8 /* StarsTableViewController.m in Sources */ = {isa = PBXBuildFile; fileRef = 84172C371D3CC84400B4E6C8 /* StarsTableViewController.m */; };
		84172C3C1D3CCD6900B4E6C8 /* FriendsTableViewController.m in Sources */ = {isa = PBXBuildFile; fileRef = 84172C3B1D3CCD6900B4E6C8 /* FriendsTableViewController.m */; };
		841B18871D953CB4000ED198 /* LoginViewController.m in Sources */ = {isa = PBXBuildFile; fileRef = 841B18861D953CB4000ED198 /* LoginViewController.m */; };
		842626421D4229AF008688C7 /* SquareCollectionViewController.m in Sources */ = {isa = PBXBuildFile; fileRef = 842626411D4229AF008688C7 /* SquareCollectionViewController.m */; };
		843754B71D82C63800DD48FC /* NSObject+YYModel.m in Sources */ = {isa = PBXBuildFile; fileRef = 843754B31D82C63800DD48FC /* NSObject+YYModel.m */; };
		843754B81D82C63800DD48FC /* YYClassInfo.m in Sources */ = {isa = PBXBuildFile; fileRef = 843754B51D82C63800DD48FC /* YYClassInfo.m */; };
		843754BC1D852D1A00DD48FC /* AlbumModel.m in Sources */ = {isa = PBXBuildFile; fileRef = 843754BB1D852D1A00DD48FC /* AlbumModel.m */; };
		843754C51D85359600DD48FC /* ArtistModel.m in Sources */ = {isa = PBXBuildFile; fileRef = 843754C41D85359600DD48FC /* ArtistModel.m */; };
		843754CB1D85375B00DD48FC /* AlbumInfoModel.m in Sources */ = {isa = PBXBuildFile; fileRef = 843754CA1D85375B00DD48FC /* AlbumInfoModel.m */; };
		843754CE1D853E8400DD48FC /* SongModel.m in Sources */ = {isa = PBXBuildFile; fileRef = 843754CD1D853E8400DD48FC /* SongModel.m */; };
		843754D21D85403B00DD48FC /* MusicModel.m in Sources */ = {isa = PBXBuildFile; fileRef = 843754D11D85403B00DD48FC /* MusicModel.m */; };
		843754D61D854CE700DD48FC /* SquareCollectionViewCell.m in Sources */ = {isa = PBXBuildFile; fileRef = 843754D51D854CE700DD48FC /* SquareCollectionViewCell.m */; };
		8465E25B1D38E71000DF9A8F /* PlayingViewController.m in Sources */ = {isa = PBXBuildFile; fileRef = 8465E25A1D38E71000DF9A8F /* PlayingViewController.m */; };
		8465E25F1D38EE6700DF9A8F /* PosterImageView.m in Sources */ = {isa = PBXBuildFile; fileRef = 8465E25E1D38EE6700DF9A8F /* PosterImageView.m */; };
		848F24761D33ADC60009E1F0 /* main.m in Sources */ = {isa = PBXBuildFile; fileRef = 848F24751D33ADC60009E1F0 /* main.m */; };
		848F247F1D33ADC60009E1F0 /* Main.storyboard in Resources */ = {isa = PBXBuildFile; fileRef = 848F247D1D33ADC60009E1F0 /* Main.storyboard */; };
		848F24811D33ADC60009E1F0 /* Assets.xcassets in Resources */ = {isa = PBXBuildFile; fileRef = 848F24801D33ADC60009E1F0 /* Assets.xcassets */; };
		848F24841D33ADC60009E1F0 /* LaunchScreen.storyboard in Resources */ = {isa = PBXBuildFile; fileRef = 848F24821D33ADC60009E1F0 /* LaunchScreen.storyboard */; };
		848F248F1D33ADC60009E1F0 /* MacondoTests.m in Sources */ = {isa = PBXBuildFile; fileRef = 848F248E1D33ADC60009E1F0 /* MacondoTests.m */; };
		848F249A1D33ADC60009E1F0 /* MacondoUITests.m in Sources */ = {isa = PBXBuildFile; fileRef = 848F24991D33ADC60009E1F0 /* MacondoUITests.m */; };
		848F24AA1D33AE0C0009E1F0 /* AppDelegate.m in Sources */ = {isa = PBXBuildFile; fileRef = 848F24A91D33AE0C0009E1F0 /* AppDelegate.m */; };
		848F24B81D33AF4F0009E1F0 /* Localizable.strings in Resources */ = {isa = PBXBuildFile; fileRef = 848F24BA1D33AF4F0009E1F0 /* Localizable.strings */; };
		848F24BC1D33AF670009E1F0 /* InfoPlist.strings in Resources */ = {isa = PBXBuildFile; fileRef = 848F24BE1D33AF670009E1F0 /* InfoPlist.strings */; };
		84BB17831D62F7A700290769 /* AFHTTPSessionManager.m in Sources */ = {isa = PBXBuildFile; fileRef = 84BB17771D62F7A600290769 /* AFHTTPSessionManager.m */; };
		84BB17841D62F7A700290769 /* AFNetworkReachabilityManager.m in Sources */ = {isa = PBXBuildFile; fileRef = 84BB177A1D62F7A600290769 /* AFNetworkReachabilityManager.m */; };
		84BB17851D62F7A700290769 /* AFSecurityPolicy.m in Sources */ = {isa = PBXBuildFile; fileRef = 84BB177C1D62F7A600290769 /* AFSecurityPolicy.m */; };
		84BB17861D62F7A700290769 /* AFURLRequestSerialization.m in Sources */ = {isa = PBXBuildFile; fileRef = 84BB177E1D62F7A700290769 /* AFURLRequestSerialization.m */; };
		84BB17871D62F7A700290769 /* AFURLResponseSerialization.m in Sources */ = {isa = PBXBuildFile; fileRef = 84BB17801D62F7A700290769 /* AFURLResponseSerialization.m */; };
		84BB17881D62F7A700290769 /* AFURLSessionManager.m in Sources */ = {isa = PBXBuildFile; fileRef = 84BB17821D62F7A700290769 /* AFURLSessionManager.m */; };
		84CB19051D9401F900C1B564 /* SourceManager.m in Sources */ = {isa = PBXBuildFile; fileRef = 84CB19041D9401F900C1B564 /* SourceManager.m */; };
		84CB19081D94020400C1B564 /* AccountManager.m in Sources */ = {isa = PBXBuildFile; fileRef = 84CB19071D94020400C1B564 /* AccountManager.m */; };
		84CB190B1D94021500C1B564 /* AudioPlayManager.m in Sources */ = {isa = PBXBuildFile; fileRef = 84CB190A1D94021500C1B564 /* AudioPlayManager.m */; };
		84CB190F1D940C9800C1B564 /* UserModel.m in Sources */ = {isa = PBXBuildFile; fileRef = 84CB190E1D940C9800C1B564 /* UserModel.m */; };
		84CFDDEC1D7C10D300BFDA79 /* Login.storyboard in Resources */ = {isa = PBXBuildFile; fileRef = 84CFDDEB1D7C10D300BFDA79 /* Login.storyboard */; };
		84E7AD061D65B3E300F7AA7C /* Introduce.key in Resources */ = {isa = PBXBuildFile; fileRef = 84E7AD051D65B3E300F7AA7C /* Introduce.key */; };
		84FE5E331D914FD20072421C /* NSMutableArray+STKAudioPlayer.m in Sources */ = {isa = PBXBuildFile; fileRef = 84FE5E211D914FD20072421C /* NSMutableArray+STKAudioPlayer.m */; };
		84FE5E341D914FD20072421C /* STKAudioPlayer.m in Sources */ = {isa = PBXBuildFile; fileRef = 84FE5E231D914FD20072421C /* STKAudioPlayer.m */; };
		84FE5E351D914FD20072421C /* STKAutoRecoveringHTTPDataSource.m in Sources */ = {isa = PBXBuildFile; fileRef = 84FE5E251D914FD20072421C /* STKAutoRecoveringHTTPDataSource.m */; };
		84FE5E361D914FD20072421C /* STKCoreFoundationDataSource.m in Sources */ = {isa = PBXBuildFile; fileRef = 84FE5E271D914FD20072421C /* STKCoreFoundationDataSource.m */; };
		84FE5E371D914FD20072421C /* STKDataSource.m in Sources */ = {isa = PBXBuildFile; fileRef = 84FE5E291D914FD20072421C /* STKDataSource.m */; };
		84FE5E381D914FD20072421C /* STKDataSourceWrapper.m in Sources */ = {isa = PBXBuildFile; fileRef = 84FE5E2B1D914FD20072421C /* STKDataSourceWrapper.m */; };
		84FE5E391D914FD20072421C /* STKHTTPDataSource.m in Sources */ = {isa = PBXBuildFile; fileRef = 84FE5E2D1D914FD20072421C /* STKHTTPDataSource.m */; };
		84FE5E3A1D914FD20072421C /* STKLocalFileDataSource.m in Sources */ = {isa = PBXBuildFile; fileRef = 84FE5E2F1D914FD20072421C /* STKLocalFileDataSource.m */; };
		84FE5E3B1D914FD20072421C /* STKQueueEntry.m in Sources */ = {isa = PBXBuildFile; fileRef = 84FE5E311D914FD20072421C /* STKQueueEntry.m */; };
		DDFCB2561D39428E008AC34F /* MyInfoTableViewController.m in Sources */ = {isa = PBXBuildFile; fileRef = DDFCB2551D39428E008AC34F /* MyInfoTableViewController.m */; };
/* End PBXBuildFile section */

/* Begin PBXContainerItemProxy section */
		848F248B1D33ADC60009E1F0 /* PBXContainerItemProxy */ = {
			isa = PBXContainerItemProxy;
			containerPortal = 848F24691D33ADC60009E1F0 /* Project object */;
			proxyType = 1;
			remoteGlobalIDString = 848F24701D33ADC60009E1F0;
			remoteInfo = Macondo;
		};
		848F24961D33ADC60009E1F0 /* PBXContainerItemProxy */ = {
			isa = PBXContainerItemProxy;
			containerPortal = 848F24691D33ADC60009E1F0 /* Project object */;
			proxyType = 1;
			remoteGlobalIDString = 848F24701D33ADC60009E1F0;
			remoteInfo = Macondo;
		};
/* End PBXContainerItemProxy section */

/* Begin PBXFileReference section */
		84172C201D3C881C00B4E6C8 /* Base */ = {isa = PBXFileReference; lastKnownFileType = file.storyboard; name = Base; path = Base.lproj/Main.storyboard; sourceTree = "<group>"; };
		84172C211D3C882400B4E6C8 /* Base */ = {isa = PBXFileReference; lastKnownFileType = file.storyboard; name = Base; path = Base.lproj/LaunchScreen.storyboard; sourceTree = "<group>"; };
		84172C271D3CA53000B4E6C8 /* ProfileTableViewController.h */ = {isa = PBXFileReference; fileEncoding = 4; lastKnownFileType = sourcecode.c.h; path = ProfileTableViewController.h; sourceTree = "<group>"; };
		84172C281D3CA53000B4E6C8 /* ProfileTableViewController.m */ = {isa = PBXFileReference; fileEncoding = 4; lastKnownFileType = sourcecode.c.objc; path = ProfileTableViewController.m; sourceTree = "<group>"; };
		84172C2B1D3CA9E600B4E6C8 /* FavoriteTableViewController.h */ = {isa = PBXFileReference; fileEncoding = 4; lastKnownFileType = sourcecode.c.h; path = FavoriteTableViewController.h; sourceTree = "<group>"; };
		84172C2C1D3CA9E600B4E6C8 /* FavoriteTableViewController.m */ = {isa = PBXFileReference; fileEncoding = 4; lastKnownFileType = sourcecode.c.objc; path = FavoriteTableViewController.m; sourceTree = "<group>"; };
		84172C2F1D3CAD1B00B4E6C8 /* FansTableViewController.h */ = {isa = PBXFileReference; fileEncoding = 4; lastKnownFileType = sourcecode.c.h; path = FansTableViewController.h; sourceTree = "<group>"; };
		84172C301D3CAD1B00B4E6C8 /* FansTableViewController.m */ = {isa = PBXFileReference; fileEncoding = 4; lastKnownFileType = sourcecode.c.objc; path = FansTableViewController.m; sourceTree = "<group>"; };
		84172C331D3CC41D00B4E6C8 /* SetupTableViewController.h */ = {isa = PBXFileReference; fileEncoding = 4; lastKnownFileType = sourcecode.c.h; path = SetupTableViewController.h; sourceTree = "<group>"; };
		84172C341D3CC41D00B4E6C8 /* SetupTableViewController.m */ = {isa = PBXFileReference; fileEncoding = 4; lastKnownFileType = sourcecode.c.objc; path = SetupTableViewController.m; sourceTree = "<group>"; };
		84172C361D3CC84400B4E6C8 /* StarsTableViewController.h */ = {isa = PBXFileReference; fileEncoding = 4; lastKnownFileType = sourcecode.c.h; path = StarsTableViewController.h; sourceTree = "<group>"; };
		84172C371D3CC84400B4E6C8 /* StarsTableViewController.m */ = {isa = PBXFileReference; fileEncoding = 4; lastKnownFileType = sourcecode.c.objc; path = StarsTableViewController.m; sourceTree = "<group>"; };
		84172C3A1D3CCD6900B4E6C8 /* FriendsTableViewController.h */ = {isa = PBXFileReference; fileEncoding = 4; lastKnownFileType = sourcecode.c.h; path = FriendsTableViewController.h; sourceTree = "<group>"; };
		84172C3B1D3CCD6900B4E6C8 /* FriendsTableViewController.m */ = {isa = PBXFileReference; fileEncoding = 4; lastKnownFileType = sourcecode.c.objc; path = FriendsTableViewController.m; sourceTree = "<group>"; };
		841B18851D953CB4000ED198 /* LoginViewController.h */ = {isa = PBXFileReference; fileEncoding = 4; lastKnownFileType = sourcecode.c.h; path = LoginViewController.h; sourceTree = "<group>"; };
		841B18861D953CB4000ED198 /* LoginViewController.m */ = {isa = PBXFileReference; fileEncoding = 4; lastKnownFileType = sourcecode.c.objc; path = LoginViewController.m; sourceTree = "<group>"; };
		842626401D4229AF008688C7 /* SquareCollectionViewController.h */ = {isa = PBXFileReference; fileEncoding = 4; lastKnownFileType = sourcecode.c.h; path = SquareCollectionViewController.h; sourceTree = "<group>"; };
		842626411D4229AF008688C7 /* SquareCollectionViewController.m */ = {isa = PBXFileReference; fileEncoding = 4; lastKnownFileType = sourcecode.c.objc; path = SquareCollectionViewController.m; sourceTree = "<group>"; };
		843754B21D82C63800DD48FC /* NSObject+YYModel.h */ = {isa = PBXFileReference; fileEncoding = 4; lastKnownFileType = sourcecode.c.h; path = "NSObject+YYModel.h"; sourceTree = "<group>"; };
		843754B31D82C63800DD48FC /* NSObject+YYModel.m */ = {isa = PBXFileReference; fileEncoding = 4; lastKnownFileType = sourcecode.c.objc; path = "NSObject+YYModel.m"; sourceTree = "<group>"; };
		843754B41D82C63800DD48FC /* YYClassInfo.h */ = {isa = PBXFileReference; fileEncoding = 4; lastKnownFileType = sourcecode.c.h; path = YYClassInfo.h; sourceTree = "<group>"; };
		843754B51D82C63800DD48FC /* YYClassInfo.m */ = {isa = PBXFileReference; fileEncoding = 4; lastKnownFileType = sourcecode.c.objc; path = YYClassInfo.m; sourceTree = "<group>"; };
		843754B61D82C63800DD48FC /* YYModel.h */ = {isa = PBXFileReference; fileEncoding = 4; lastKnownFileType = sourcecode.c.h; path = YYModel.h; sourceTree = "<group>"; };
		843754BA1D852D1A00DD48FC /* AlbumModel.h */ = {isa = PBXFileReference; fileEncoding = 4; lastKnownFileType = sourcecode.c.h; path = AlbumModel.h; sourceTree = "<group>"; };
		843754BB1D852D1A00DD48FC /* AlbumModel.m */ = {isa = PBXFileReference; fileEncoding = 4; lastKnownFileType = sourcecode.c.objc; path = AlbumModel.m; sourceTree = "<group>"; };
		843754C31D85359600DD48FC /* ArtistModel.h */ = {isa = PBXFileReference; fileEncoding = 4; lastKnownFileType = sourcecode.c.h; path = ArtistModel.h; sourceTree = "<group>"; };
		843754C41D85359600DD48FC /* ArtistModel.m */ = {isa = PBXFileReference; fileEncoding = 4; lastKnownFileType = sourcecode.c.objc; path = ArtistModel.m; sourceTree = "<group>"; };
		843754C91D85375B00DD48FC /* AlbumInfoModel.h */ = {isa = PBXFileReference; fileEncoding = 4; lastKnownFileType = sourcecode.c.h; path = AlbumInfoModel.h; sourceTree = "<group>"; };
		843754CA1D85375B00DD48FC /* AlbumInfoModel.m */ = {isa = PBXFileReference; fileEncoding = 4; lastKnownFileType = sourcecode.c.objc; path = AlbumInfoModel.m; sourceTree = "<group>"; };
		843754CC1D853E8400DD48FC /* SongModel.h */ = {isa = PBXFileReference; fileEncoding = 4; lastKnownFileType = sourcecode.c.h; path = SongModel.h; sourceTree = "<group>"; };
		843754CD1D853E8400DD48FC /* SongModel.m */ = {isa = PBXFileReference; fileEncoding = 4; lastKnownFileType = sourcecode.c.objc; path = SongModel.m; sourceTree = "<group>"; };
		843754D01D85403B00DD48FC /* MusicModel.h */ = {isa = PBXFileReference; fileEncoding = 4; lastKnownFileType = sourcecode.c.h; path = MusicModel.h; sourceTree = "<group>"; };
		843754D11D85403B00DD48FC /* MusicModel.m */ = {isa = PBXFileReference; fileEncoding = 4; lastKnownFileType = sourcecode.c.objc; path = MusicModel.m; sourceTree = "<group>"; };
		843754D41D854CE700DD48FC /* SquareCollectionViewCell.h */ = {isa = PBXFileReference; fileEncoding = 4; lastKnownFileType = sourcecode.c.h; path = SquareCollectionViewCell.h; sourceTree = "<group>"; };
		843754D51D854CE700DD48FC /* SquareCollectionViewCell.m */ = {isa = PBXFileReference; fileEncoding = 4; lastKnownFileType = sourcecode.c.objc; path = SquareCollectionViewCell.m; sourceTree = "<group>"; };
		8465E2591D38E71000DF9A8F /* PlayingViewController.h */ = {isa = PBXFileReference; fileEncoding = 4; lastKnownFileType = sourcecode.c.h; path = PlayingViewController.h; sourceTree = "<group>"; };
		8465E25A1D38E71000DF9A8F /* PlayingViewController.m */ = {isa = PBXFileReference; fileEncoding = 4; lastKnownFileType = sourcecode.c.objc; path = PlayingViewController.m; sourceTree = "<group>"; };
		8465E25D1D38EE6700DF9A8F /* PosterImageView.h */ = {isa = PBXFileReference; fileEncoding = 4; lastKnownFileType = sourcecode.c.h; path = PosterImageView.h; sourceTree = "<group>"; };
		8465E25E1D38EE6700DF9A8F /* PosterImageView.m */ = {isa = PBXFileReference; fileEncoding = 4; lastKnownFileType = sourcecode.c.objc; path = PosterImageView.m; sourceTree = "<group>"; };
		848F24711D33ADC60009E1F0 /* Macondo.app */ = {isa = PBXFileReference; explicitFileType = wrapper.application; includeInIndex = 0; path = Macondo.app; sourceTree = BUILT_PRODUCTS_DIR; };
		848F24751D33ADC60009E1F0 /* main.m */ = {isa = PBXFileReference; lastKnownFileType = sourcecode.c.objc; path = main.m; sourceTree = "<group>"; };
		848F24801D33ADC60009E1F0 /* Assets.xcassets */ = {isa = PBXFileReference; lastKnownFileType = folder.assetcatalog; path = Assets.xcassets; sourceTree = "<group>"; };
		848F24851D33ADC60009E1F0 /* Info.plist */ = {isa = PBXFileReference; lastKnownFileType = text.plist.xml; path = Info.plist; sourceTree = "<group>"; };
		848F248A1D33ADC60009E1F0 /* MacondoTests.xctest */ = {isa = PBXFileReference; explicitFileType = wrapper.cfbundle; includeInIndex = 0; path = MacondoTests.xctest; sourceTree = BUILT_PRODUCTS_DIR; };
		848F248E1D33ADC60009E1F0 /* MacondoTests.m */ = {isa = PBXFileReference; lastKnownFileType = sourcecode.c.objc; path = MacondoTests.m; sourceTree = "<group>"; };
		848F24901D33ADC60009E1F0 /* Info.plist */ = {isa = PBXFileReference; lastKnownFileType = text.plist.xml; path = Info.plist; sourceTree = "<group>"; };
		848F24951D33ADC60009E1F0 /* MacondoUITests.xctest */ = {isa = PBXFileReference; explicitFileType = wrapper.cfbundle; includeInIndex = 0; path = MacondoUITests.xctest; sourceTree = BUILT_PRODUCTS_DIR; };
		848F24991D33ADC60009E1F0 /* MacondoUITests.m */ = {isa = PBXFileReference; lastKnownFileType = sourcecode.c.objc; path = MacondoUITests.m; sourceTree = "<group>"; };
		848F249B1D33ADC60009E1F0 /* Info.plist */ = {isa = PBXFileReference; lastKnownFileType = text.plist.xml; path = Info.plist; sourceTree = "<group>"; };
		848F24A81D33AE0C0009E1F0 /* AppDelegate.h */ = {isa = PBXFileReference; fileEncoding = 4; lastKnownFileType = sourcecode.c.h; path = AppDelegate.h; sourceTree = "<group>"; };
		848F24A91D33AE0C0009E1F0 /* AppDelegate.m */ = {isa = PBXFileReference; fileEncoding = 4; lastKnownFileType = sourcecode.c.objc; path = AppDelegate.m; sourceTree = "<group>"; };
		848F24B91D33AF4F0009E1F0 /* en */ = {isa = PBXFileReference; lastKnownFileType = text.plist.strings; name = en; path = en.lproj/Localizable.strings; sourceTree = "<group>"; };
		848F24BB1D33AF520009E1F0 /* zh-Hans */ = {isa = PBXFileReference; lastKnownFileType = text.plist.strings; name = "zh-Hans"; path = "zh-Hans.lproj/Localizable.strings"; sourceTree = "<group>"; };
		848F24BD1D33AF670009E1F0 /* en */ = {isa = PBXFileReference; lastKnownFileType = text.plist.strings; name = en; path = en.lproj/InfoPlist.strings; sourceTree = "<group>"; };
		848F24BF1D33AF6B0009E1F0 /* zh-Hans */ = {isa = PBXFileReference; lastKnownFileType = text.plist.strings; name = "zh-Hans"; path = "zh-Hans.lproj/InfoPlist.strings"; sourceTree = "<group>"; };
		84BB17761D62F7A600290769 /* AFHTTPSessionManager.h */ = {isa = PBXFileReference; fileEncoding = 4; lastKnownFileType = sourcecode.c.h; path = AFHTTPSessionManager.h; sourceTree = "<group>"; };
		84BB17771D62F7A600290769 /* AFHTTPSessionManager.m */ = {isa = PBXFileReference; fileEncoding = 4; lastKnownFileType = sourcecode.c.objc; path = AFHTTPSessionManager.m; sourceTree = "<group>"; };
		84BB17781D62F7A600290769 /* AFNetworking.h */ = {isa = PBXFileReference; fileEncoding = 4; lastKnownFileType = sourcecode.c.h; path = AFNetworking.h; sourceTree = "<group>"; };
		84BB17791D62F7A600290769 /* AFNetworkReachabilityManager.h */ = {isa = PBXFileReference; fileEncoding = 4; lastKnownFileType = sourcecode.c.h; path = AFNetworkReachabilityManager.h; sourceTree = "<group>"; };
		84BB177A1D62F7A600290769 /* AFNetworkReachabilityManager.m */ = {isa = PBXFileReference; fileEncoding = 4; lastKnownFileType = sourcecode.c.objc; path = AFNetworkReachabilityManager.m; sourceTree = "<group>"; };
		84BB177B1D62F7A600290769 /* AFSecurityPolicy.h */ = {isa = PBXFileReference; fileEncoding = 4; lastKnownFileType = sourcecode.c.h; path = AFSecurityPolicy.h; sourceTree = "<group>"; };
		84BB177C1D62F7A600290769 /* AFSecurityPolicy.m */ = {isa = PBXFileReference; fileEncoding = 4; lastKnownFileType = sourcecode.c.objc; path = AFSecurityPolicy.m; sourceTree = "<group>"; };
		84BB177D1D62F7A600290769 /* AFURLRequestSerialization.h */ = {isa = PBXFileReference; fileEncoding = 4; lastKnownFileType = sourcecode.c.h; path = AFURLRequestSerialization.h; sourceTree = "<group>"; };
		84BB177E1D62F7A700290769 /* AFURLRequestSerialization.m */ = {isa = PBXFileReference; fileEncoding = 4; lastKnownFileType = sourcecode.c.objc; path = AFURLRequestSerialization.m; sourceTree = "<group>"; };
		84BB177F1D62F7A700290769 /* AFURLResponseSerialization.h */ = {isa = PBXFileReference; fileEncoding = 4; lastKnownFileType = sourcecode.c.h; path = AFURLResponseSerialization.h; sourceTree = "<group>"; };
		84BB17801D62F7A700290769 /* AFURLResponseSerialization.m */ = {isa = PBXFileReference; fileEncoding = 4; lastKnownFileType = sourcecode.c.objc; path = AFURLResponseSerialization.m; sourceTree = "<group>"; };
		84BB17811D62F7A700290769 /* AFURLSessionManager.h */ = {isa = PBXFileReference; fileEncoding = 4; lastKnownFileType = sourcecode.c.h; path = AFURLSessionManager.h; sourceTree = "<group>"; };
		84BB17821D62F7A700290769 /* AFURLSessionManager.m */ = {isa = PBXFileReference; fileEncoding = 4; lastKnownFileType = sourcecode.c.objc; path = AFURLSessionManager.m; sourceTree = "<group>"; };
		84CB19031D9401F900C1B564 /* SourceManager.h */ = {isa = PBXFileReference; fileEncoding = 4; lastKnownFileType = sourcecode.c.h; path = SourceManager.h; sourceTree = "<group>"; };
		84CB19041D9401F900C1B564 /* SourceManager.m */ = {isa = PBXFileReference; fileEncoding = 4; lastKnownFileType = sourcecode.c.objc; path = SourceManager.m; sourceTree = "<group>"; };
		84CB19061D94020400C1B564 /* AccountManager.h */ = {isa = PBXFileReference; fileEncoding = 4; lastKnownFileType = sourcecode.c.h; path = AccountManager.h; sourceTree = "<group>"; };
		84CB19071D94020400C1B564 /* AccountManager.m */ = {isa = PBXFileReference; fileEncoding = 4; lastKnownFileType = sourcecode.c.objc; path = AccountManager.m; sourceTree = "<group>"; };
		84CB19091D94021500C1B564 /* AudioPlayManager.h */ = {isa = PBXFileReference; fileEncoding = 4; lastKnownFileType = sourcecode.c.h; path = AudioPlayManager.h; sourceTree = "<group>"; };
		84CB190A1D94021500C1B564 /* AudioPlayManager.m */ = {isa = PBXFileReference; fileEncoding = 4; lastKnownFileType = sourcecode.c.objc; path = AudioPlayManager.m; sourceTree = "<group>"; };
		84CB190D1D940C9800C1B564 /* UserModel.h */ = {isa = PBXFileReference; fileEncoding = 4; lastKnownFileType = sourcecode.c.h; path = UserModel.h; sourceTree = "<group>"; };
		84CB190E1D940C9800C1B564 /* UserModel.m */ = {isa = PBXFileReference; fileEncoding = 4; lastKnownFileType = sourcecode.c.objc; path = UserModel.m; sourceTree = "<group>"; };
		84CFDDEB1D7C10D300BFDA79 /* Login.storyboard */ = {isa = PBXFileReference; fileEncoding = 4; lastKnownFileType = file.storyboard; path = Login.storyboard; sourceTree = "<group>"; };
		84E7AD031D65B39F00F7AA7C /* ServerURL.h */ = {isa = PBXFileReference; fileEncoding = 4; lastKnownFileType = sourcecode.c.h; path = ServerURL.h; sourceTree = "<group>"; };
		84E7AD051D65B3E300F7AA7C /* Introduce.key */ = {isa = PBXFileReference; lastKnownFileType = file; path = Introduce.key; sourceTree = "<group>"; };
		84FE5E201D914FD20072421C /* NSMutableArray+STKAudioPlayer.h */ = {isa = PBXFileReference; fileEncoding = 4; lastKnownFileType = sourcecode.c.h; path = "NSMutableArray+STKAudioPlayer.h"; sourceTree = "<group>"; };
		84FE5E211D914FD20072421C /* NSMutableArray+STKAudioPlayer.m */ = {isa = PBXFileReference; fileEncoding = 4; lastKnownFileType = sourcecode.c.objc; path = "NSMutableArray+STKAudioPlayer.m"; sourceTree = "<group>"; };
		84FE5E221D914FD20072421C /* STKAudioPlayer.h */ = {isa = PBXFileReference; fileEncoding = 4; lastKnownFileType = sourcecode.c.h; path = STKAudioPlayer.h; sourceTree = "<group>"; };
		84FE5E231D914FD20072421C /* STKAudioPlayer.m */ = {isa = PBXFileReference; fileEncoding = 4; lastKnownFileType = sourcecode.c.objc; path = STKAudioPlayer.m; sourceTree = "<group>"; };
		84FE5E241D914FD20072421C /* STKAutoRecoveringHTTPDataSource.h */ = {isa = PBXFileReference; fileEncoding = 4; lastKnownFileType = sourcecode.c.h; path = STKAutoRecoveringHTTPDataSource.h; sourceTree = "<group>"; };
		84FE5E251D914FD20072421C /* STKAutoRecoveringHTTPDataSource.m */ = {isa = PBXFileReference; fileEncoding = 4; lastKnownFileType = sourcecode.c.objc; path = STKAutoRecoveringHTTPDataSource.m; sourceTree = "<group>"; };
		84FE5E261D914FD20072421C /* STKCoreFoundationDataSource.h */ = {isa = PBXFileReference; fileEncoding = 4; lastKnownFileType = sourcecode.c.h; path = STKCoreFoundationDataSource.h; sourceTree = "<group>"; };
		84FE5E271D914FD20072421C /* STKCoreFoundationDataSource.m */ = {isa = PBXFileReference; fileEncoding = 4; lastKnownFileType = sourcecode.c.objc; path = STKCoreFoundationDataSource.m; sourceTree = "<group>"; };
		84FE5E281D914FD20072421C /* STKDataSource.h */ = {isa = PBXFileReference; fileEncoding = 4; lastKnownFileType = sourcecode.c.h; path = STKDataSource.h; sourceTree = "<group>"; };
		84FE5E291D914FD20072421C /* STKDataSource.m */ = {isa = PBXFileReference; fileEncoding = 4; lastKnownFileType = sourcecode.c.objc; path = STKDataSource.m; sourceTree = "<group>"; };
		84FE5E2A1D914FD20072421C /* STKDataSourceWrapper.h */ = {isa = PBXFileReference; fileEncoding = 4; lastKnownFileType = sourcecode.c.h; path = STKDataSourceWrapper.h; sourceTree = "<group>"; };
		84FE5E2B1D914FD20072421C /* STKDataSourceWrapper.m */ = {isa = PBXFileReference; fileEncoding = 4; lastKnownFileType = sourcecode.c.objc; path = STKDataSourceWrapper.m; sourceTree = "<group>"; };
		84FE5E2C1D914FD20072421C /* STKHTTPDataSource.h */ = {isa = PBXFileReference; fileEncoding = 4; lastKnownFileType = sourcecode.c.h; path = STKHTTPDataSource.h; sourceTree = "<group>"; };
		84FE5E2D1D914FD20072421C /* STKHTTPDataSource.m */ = {isa = PBXFileReference; fileEncoding = 4; lastKnownFileType = sourcecode.c.objc; path = STKHTTPDataSource.m; sourceTree = "<group>"; };
		84FE5E2E1D914FD20072421C /* STKLocalFileDataSource.h */ = {isa = PBXFileReference; fileEncoding = 4; lastKnownFileType = sourcecode.c.h; path = STKLocalFileDataSource.h; sourceTree = "<group>"; };
		84FE5E2F1D914FD20072421C /* STKLocalFileDataSource.m */ = {isa = PBXFileReference; fileEncoding = 4; lastKnownFileType = sourcecode.c.objc; path = STKLocalFileDataSource.m; sourceTree = "<group>"; };
		84FE5E301D914FD20072421C /* STKQueueEntry.h */ = {isa = PBXFileReference; fileEncoding = 4; lastKnownFileType = sourcecode.c.h; path = STKQueueEntry.h; sourceTree = "<group>"; };
		84FE5E311D914FD20072421C /* STKQueueEntry.m */ = {isa = PBXFileReference; fileEncoding = 4; lastKnownFileType = sourcecode.c.objc; path = STKQueueEntry.m; sourceTree = "<group>"; };
		84FE5E321D914FD20072421C /* StreamingKit-Prefix.pch */ = {isa = PBXFileReference; fileEncoding = 4; lastKnownFileType = sourcecode.c.h; path = "StreamingKit-Prefix.pch"; sourceTree = "<group>"; };
		DDC5FE491D39C4500052AB8B /* zh-Hans */ = {isa = PBXFileReference; lastKnownFileType = file.storyboard; name = "zh-Hans"; path = "zh-Hans.lproj/LaunchScreen.storyboard"; sourceTree = "<group>"; };
		DDC5FE4A1D39C4500052AB8B /* en */ = {isa = PBXFileReference; lastKnownFileType = file.storyboard; name = en; path = en.lproj/LaunchScreen.storyboard; sourceTree = "<group>"; };
		DDFCB2541D39428E008AC34F /* MyInfoTableViewController.h */ = {isa = PBXFileReference; fileEncoding = 4; lastKnownFileType = sourcecode.c.h; path = MyInfoTableViewController.h; sourceTree = "<group>"; };
		DDFCB2551D39428E008AC34F /* MyInfoTableViewController.m */ = {isa = PBXFileReference; fileEncoding = 4; lastKnownFileType = sourcecode.c.objc; path = MyInfoTableViewController.m; sourceTree = "<group>"; };
/* End PBXFileReference section */

/* Begin PBXFrameworksBuildPhase section */
		848F246E1D33ADC60009E1F0 /* Frameworks */ = {
			isa = PBXFrameworksBuildPhase;
			buildActionMask = 2147483647;
			files = (
			);
			runOnlyForDeploymentPostprocessing = 0;
		};
		848F24871D33ADC60009E1F0 /* Frameworks */ = {
			isa = PBXFrameworksBuildPhase;
			buildActionMask = 2147483647;
			files = (
			);
			runOnlyForDeploymentPostprocessing = 0;
		};
		848F24921D33ADC60009E1F0 /* Frameworks */ = {
			isa = PBXFrameworksBuildPhase;
			buildActionMask = 2147483647;
			files = (
			);
			runOnlyForDeploymentPostprocessing = 0;
		};
/* End PBXFrameworksBuildPhase section */

/* Begin PBXGroup section */
		84172C261D3CA50000B4E6C8 /* Profile */ = {
			isa = PBXGroup;
			children = (
				84172C271D3CA53000B4E6C8 /* ProfileTableViewController.h */,
				84172C281D3CA53000B4E6C8 /* ProfileTableViewController.m */,
			);
			path = Profile;
			sourceTree = "<group>";
		};
		84172C2A1D3CA95300B4E6C8 /* Favorite */ = {
			isa = PBXGroup;
			children = (
				84172C2B1D3CA9E600B4E6C8 /* FavoriteTableViewController.h */,
				84172C2C1D3CA9E600B4E6C8 /* FavoriteTableViewController.m */,
			);
			path = Favorite;
			sourceTree = "<group>";
		};
		84172C2E1D3CACEA00B4E6C8 /* Fans */ = {
			isa = PBXGroup;
			children = (
				84172C2F1D3CAD1B00B4E6C8 /* FansTableViewController.h */,
				84172C301D3CAD1B00B4E6C8 /* FansTableViewController.m */,
			);
			path = Fans;
			sourceTree = "<group>";
		};
		84172C321D3CC3F000B4E6C8 /* Setup */ = {
			isa = PBXGroup;
			children = (
				84172C331D3CC41D00B4E6C8 /* SetupTableViewController.h */,
				84172C341D3CC41D00B4E6C8 /* SetupTableViewController.m */,
			);
			path = Setup;
			sourceTree = "<group>";
		};
		84172C391D3CCD4200B4E6C8 /* Friends */ = {
			isa = PBXGroup;
			children = (
				84172C3A1D3CCD6900B4E6C8 /* FriendsTableViewController.h */,
				84172C3B1D3CCD6900B4E6C8 /* FriendsTableViewController.m */,
			);
			path = Friends;
			sourceTree = "<group>";
		};
		841B18841D953C8B000ED198 /* Login */ = {
			isa = PBXGroup;
			children = (
				841B18851D953CB4000ED198 /* LoginViewController.h */,
				841B18861D953CB4000ED198 /* LoginViewController.m */,
			);
			name = Login;
			path = LoginViewController;
			sourceTree = "<group>";
		};
		8426263F1D422987008688C7 /* Square */ = {
			isa = PBXGroup;
			children = (
				842626401D4229AF008688C7 /* SquareCollectionViewController.h */,
				842626411D4229AF008688C7 /* SquareCollectionViewController.m */,
			);
			path = Square;
			sourceTree = "<group>";
		};
		843754B11D82C63800DD48FC /* YYModel */ = {
			isa = PBXGroup;
			children = (
				843754B21D82C63800DD48FC /* NSObject+YYModel.h */,
				843754B31D82C63800DD48FC /* NSObject+YYModel.m */,
				843754B41D82C63800DD48FC /* YYClassInfo.h */,
				843754B51D82C63800DD48FC /* YYClassInfo.m */,
				843754B61D82C63800DD48FC /* YYModel.h */,
			);
			path = YYModel;
			sourceTree = "<group>";
		};
		843754B91D852CEF00DD48FC /* AlbumModel */ = {
			isa = PBXGroup;
			children = (
				843754BA1D852D1A00DD48FC /* AlbumModel.h */,
				843754BB1D852D1A00DD48FC /* AlbumModel.m */,
			);
			path = AlbumModel;
			sourceTree = "<group>";
		};
		843754BE1D85345A00DD48FC /* ArtistModel */ = {
			isa = PBXGroup;
			children = (
				843754C31D85359600DD48FC /* ArtistModel.h */,
				843754C41D85359600DD48FC /* ArtistModel.m */,
			);
			path = ArtistModel;
			sourceTree = "<group>";
		};
		843754BF1D85346E00DD48FC /* AlbumInfoModel */ = {
			isa = PBXGroup;
			children = (
				843754C91D85375B00DD48FC /* AlbumInfoModel.h */,
				843754CA1D85375B00DD48FC /* AlbumInfoModel.m */,
			);
			path = AlbumInfoModel;
			sourceTree = "<group>";
		};
		843754C01D85347900DD48FC /* SongModel */ = {
			isa = PBXGroup;
			children = (
				843754CC1D853E8400DD48FC /* SongModel.h */,
				843754CD1D853E8400DD48FC /* SongModel.m */,
			);
			path = SongModel;
			sourceTree = "<group>";
		};
		843754CF1D85400700DD48FC /* MusicModel */ = {
			isa = PBXGroup;
			children = (
				843754D01D85403B00DD48FC /* MusicModel.h */,
				843754D11D85403B00DD48FC /* MusicModel.m */,
			);
			path = MusicModel;
			sourceTree = "<group>";
		};
		843754D31D854C9600DD48FC /* SquareCell */ = {
			isa = PBXGroup;
			children = (
				843754D41D854CE700DD48FC /* SquareCollectionViewCell.h */,
				843754D51D854CE700DD48FC /* SquareCollectionViewCell.m */,
			);
			path = SquareCell;
			sourceTree = "<group>";
		};
		8465E2541D38E66800DF9A8F /* Playing */ = {
			isa = PBXGroup;
			children = (
				8465E2591D38E71000DF9A8F /* PlayingViewController.h */,
				8465E25A1D38E71000DF9A8F /* PlayingViewController.m */,
			);
			path = Playing;
			sourceTree = "<group>";
		};
		8465E2551D38E6E400DF9A8F /* Stars */ = {
			isa = PBXGroup;
			children = (
				84172C361D3CC84400B4E6C8 /* StarsTableViewController.h */,
				84172C371D3CC84400B4E6C8 /* StarsTableViewController.m */,
			);
			path = Stars;
			sourceTree = "<group>";
		};
		8465E25C1D38EE3500DF9A8F /* Poster */ = {
			isa = PBXGroup;
			children = (
				8465E25D1D38EE6700DF9A8F /* PosterImageView.h */,
				8465E25E1D38EE6700DF9A8F /* PosterImageView.m */,
			);
			path = Poster;
			sourceTree = "<group>";
		};
		848F24681D33ADC60009E1F0 = {
			isa = PBXGroup;
			children = (
				848F24731D33ADC60009E1F0 /* Macondo */,
				848F248D1D33ADC60009E1F0 /* MacondoTests */,
				848F24981D33ADC60009E1F0 /* MacondoUITests */,
				848F24721D33ADC60009E1F0 /* Products */,
			);
			sourceTree = "<group>";
		};
		848F24721D33ADC60009E1F0 /* Products */ = {
			isa = PBXGroup;
			children = (
				848F24711D33ADC60009E1F0 /* Macondo.app */,
				848F248A1D33ADC60009E1F0 /* MacondoTests.xctest */,
				848F24951D33ADC60009E1F0 /* MacondoUITests.xctest */,
			);
			name = Products;
			sourceTree = "<group>";
		};
		848F24731D33ADC60009E1F0 /* Macondo */ = {
			isa = PBXGroup;
			children = (
				84BB17741D62F77A00290769 /* 3rdLib */,
				848F24C21D33B2910009E1F0 /* Helper */,
				848F24AE1D33AE5E0009E1F0 /* Model */,
				848F24AD1D33AE470009E1F0 /* View */,
				848F24AC1D33AE230009E1F0 /* Controller */,
				848F24A71D33ADCE0009E1F0 /* Delegate */,
				848F24741D33ADC60009E1F0 /* Supporting Files */,
			);
			path = Macondo;
			sourceTree = "<group>";
		};
		848F24741D33ADC60009E1F0 /* Supporting Files */ = {
			isa = PBXGroup;
			children = (
				848F247D1D33ADC60009E1F0 /* Main.storyboard */,
				84CFDDEB1D7C10D300BFDA79 /* Login.storyboard */,
				848F24821D33ADC60009E1F0 /* LaunchScreen.storyboard */,
				848F24BE1D33AF670009E1F0 /* InfoPlist.strings */,
				848F24BA1D33AF4F0009E1F0 /* Localizable.strings */,
				848F24851D33ADC60009E1F0 /* Info.plist */,
				848F24751D33ADC60009E1F0 /* main.m */,
				848F24801D33ADC60009E1F0 /* Assets.xcassets */,
			);
			name = "Supporting Files";
			sourceTree = "<group>";
		};
		848F248D1D33ADC60009E1F0 /* MacondoTests */ = {
			isa = PBXGroup;
			children = (
				848F248E1D33ADC60009E1F0 /* MacondoTests.m */,
				848F24901D33ADC60009E1F0 /* Info.plist */,
			);
			path = MacondoTests;
			sourceTree = "<group>";
		};
		848F24981D33ADC60009E1F0 /* MacondoUITests */ = {
			isa = PBXGroup;
			children = (
				848F24991D33ADC60009E1F0 /* MacondoUITests.m */,
				848F249B1D33ADC60009E1F0 /* Info.plist */,
			);
			path = MacondoUITests;
			sourceTree = "<group>";
		};
		848F24A71D33ADCE0009E1F0 /* Delegate */ = {
			isa = PBXGroup;
			children = (
				848F24A81D33AE0C0009E1F0 /* AppDelegate.h */,
				848F24A91D33AE0C0009E1F0 /* AppDelegate.m */,
			);
			path = Delegate;
			sourceTree = "<group>";
		};
		848F24AC1D33AE230009E1F0 /* Controller */ = {
			isa = PBXGroup;
			children = (
				841B18841D953C8B000ED198 /* Login */,
				8426263F1D422987008688C7 /* Square */,
				84172C391D3CCD4200B4E6C8 /* Friends */,
				84172C321D3CC3F000B4E6C8 /* Setup */,
				84172C2E1D3CACEA00B4E6C8 /* Fans */,
				84172C2A1D3CA95300B4E6C8 /* Favorite */,
				84172C261D3CA50000B4E6C8 /* Profile */,
				DDFCB2531D394237008AC34F /* MyInfo */,
				8465E2551D38E6E400DF9A8F /* Stars */,
				8465E2541D38E66800DF9A8F /* Playing */,
			);
			path = Controller;
			sourceTree = "<group>";
		};
		848F24AD1D33AE470009E1F0 /* View */ = {
			isa = PBXGroup;
			children = (
				843754D31D854C9600DD48FC /* SquareCell */,
				8465E25C1D38EE3500DF9A8F /* Poster */,
			);
			path = View;
			sourceTree = "<group>";
		};
		848F24AE1D33AE5E0009E1F0 /* Model */ = {
			isa = PBXGroup;
			children = (
				84CB190C1D940C5200C1B564 /* UserModel */,
				843754CF1D85400700DD48FC /* MusicModel */,
				843754C01D85347900DD48FC /* SongModel */,
				843754BF1D85346E00DD48FC /* AlbumInfoModel */,
				843754BE1D85345A00DD48FC /* ArtistModel */,
				843754B91D852CEF00DD48FC /* AlbumModel */,
			);
			path = Model;
			sourceTree = "<group>";
		};
		848F24C21D33B2910009E1F0 /* Helper */ = {
			isa = PBXGroup;
			children = (
				84E7AD081D65B40600F7AA7C /* Manager */,
				84E7AD041D65B3B700F7AA7C /* Design */,
				84E7AD021D65B35D00F7AA7C /* Marco */,
			);
			path = Helper;
			sourceTree = "<group>";
		};
		84BB17741D62F77A00290769 /* 3rdLib */ = {
			isa = PBXGroup;
			children = (
				84FE5E1F1D914FD20072421C /* StreamingKit */,
				843754B11D82C63800DD48FC /* YYModel */,
				84BB17751D62F7A600290769 /* AFNetworking */,
			);
			path = 3rdLib;
			sourceTree = "<group>";
		};
		84BB17751D62F7A600290769 /* AFNetworking */ = {
			isa = PBXGroup;
			children = (
				84BB17761D62F7A600290769 /* AFHTTPSessionManager.h */,
				84BB17771D62F7A600290769 /* AFHTTPSessionManager.m */,
				84BB17781D62F7A600290769 /* AFNetworking.h */,
				84BB17791D62F7A600290769 /* AFNetworkReachabilityManager.h */,
				84BB177A1D62F7A600290769 /* AFNetworkReachabilityManager.m */,
				84BB177B1D62F7A600290769 /* AFSecurityPolicy.h */,
				84BB177C1D62F7A600290769 /* AFSecurityPolicy.m */,
				84BB177D1D62F7A600290769 /* AFURLRequestSerialization.h */,
				84BB177E1D62F7A700290769 /* AFURLRequestSerialization.m */,
				84BB177F1D62F7A700290769 /* AFURLResponseSerialization.h */,
				84BB17801D62F7A700290769 /* AFURLResponseSerialization.m */,
				84BB17811D62F7A700290769 /* AFURLSessionManager.h */,
				84BB17821D62F7A700290769 /* AFURLSessionManager.m */,
			);
			path = AFNetworking;
			sourceTree = "<group>";
		};
		84CB19001D94019400C1B564 /* AccountManager */ = {
			isa = PBXGroup;
			children = (
				84CB19061D94020400C1B564 /* AccountManager.h */,
				84CB19071D94020400C1B564 /* AccountManager.m */,
			);
			path = AccountManager;
			sourceTree = "<group>";
		};
		84CB19011D9401B900C1B564 /* SourceManager */ = {
			isa = PBXGroup;
			children = (
				84CB19031D9401F900C1B564 /* SourceManager.h */,
				84CB19041D9401F900C1B564 /* SourceManager.m */,
			);
			path = SourceManager;
			sourceTree = "<group>";
		};
		84CB19021D9401C700C1B564 /* AudioPlayManager */ = {
			isa = PBXGroup;
			children = (
				84CB19091D94021500C1B564 /* AudioPlayManager.h */,
				84CB190A1D94021500C1B564 /* AudioPlayManager.m */,
			);
			path = AudioPlayManager;
			sourceTree = "<group>";
		};
		84CB190C1D940C5200C1B564 /* UserModel */ = {
			isa = PBXGroup;
			children = (
				84CB190D1D940C9800C1B564 /* UserModel.h */,
				84CB190E1D940C9800C1B564 /* UserModel.m */,
			);
			path = UserModel;
			sourceTree = "<group>";
		};
		84E7AD021D65B35D00F7AA7C /* Marco */ = {
			isa = PBXGroup;
			children = (
				84E7AD031D65B39F00F7AA7C /* ServerURL.h */,
			);
			path = Marco;
			sourceTree = "<group>";
		};
		84E7AD041D65B3B700F7AA7C /* Design */ = {
			isa = PBXGroup;
			children = (
				84E7AD051D65B3E300F7AA7C /* Introduce.key */,
			);
			path = Design;
			sourceTree = "<group>";
		};
		84E7AD081D65B40600F7AA7C /* Manager */ = {
			isa = PBXGroup;
			children = (
				84CB19021D9401C700C1B564 /* AudioPlayManager */,
				84CB19011D9401B900C1B564 /* SourceManager */,
				84CB19001D94019400C1B564 /* AccountManager */,
			);
			path = Manager;
			sourceTree = "<group>";
		};
		84FE5E1F1D914FD20072421C /* StreamingKit */ = {
			isa = PBXGroup;
			children = (
				84FE5E201D914FD20072421C /* NSMutableArray+STKAudioPlayer.h */,
				84FE5E211D914FD20072421C /* NSMutableArray+STKAudioPlayer.m */,
				84FE5E221D914FD20072421C /* STKAudioPlayer.h */,
				84FE5E231D914FD20072421C /* STKAudioPlayer.m */,
				84FE5E241D914FD20072421C /* STKAutoRecoveringHTTPDataSource.h */,
				84FE5E251D914FD20072421C /* STKAutoRecoveringHTTPDataSource.m */,
				84FE5E261D914FD20072421C /* STKCoreFoundationDataSource.h */,
				84FE5E271D914FD20072421C /* STKCoreFoundationDataSource.m */,
				84FE5E281D914FD20072421C /* STKDataSource.h */,
				84FE5E291D914FD20072421C /* STKDataSource.m */,
				84FE5E2A1D914FD20072421C /* STKDataSourceWrapper.h */,
				84FE5E2B1D914FD20072421C /* STKDataSourceWrapper.m */,
				84FE5E2C1D914FD20072421C /* STKHTTPDataSource.h */,
				84FE5E2D1D914FD20072421C /* STKHTTPDataSource.m */,
				84FE5E2E1D914FD20072421C /* STKLocalFileDataSource.h */,
				84FE5E2F1D914FD20072421C /* STKLocalFileDataSource.m */,
				84FE5E301D914FD20072421C /* STKQueueEntry.h */,
				84FE5E311D914FD20072421C /* STKQueueEntry.m */,
				84FE5E321D914FD20072421C /* StreamingKit-Prefix.pch */,
			);
			path = StreamingKit;
			sourceTree = "<group>";
		};
		DDFCB2531D394237008AC34F /* MyInfo */ = {
			isa = PBXGroup;
			children = (
				DDFCB2541D39428E008AC34F /* MyInfoTableViewController.h */,
				DDFCB2551D39428E008AC34F /* MyInfoTableViewController.m */,
			);
			path = MyInfo;
			sourceTree = "<group>";
		};
/* End PBXGroup section */

/* Begin PBXNativeTarget section */
		848F24701D33ADC60009E1F0 /* Macondo */ = {
			isa = PBXNativeTarget;
			buildConfigurationList = 848F249E1D33ADC60009E1F0 /* Build configuration list for PBXNativeTarget "Macondo" */;
			buildPhases = (
				848F246D1D33ADC60009E1F0 /* Sources */,
				848F246E1D33ADC60009E1F0 /* Frameworks */,
				848F246F1D33ADC60009E1F0 /* Resources */,
			);
			buildRules = (
			);
			dependencies = (
			);
			name = Macondo;
			productName = Macondo;
			productReference = 848F24711D33ADC60009E1F0 /* Macondo.app */;
			productType = "com.apple.product-type.application";
		};
		848F24891D33ADC60009E1F0 /* MacondoTests */ = {
			isa = PBXNativeTarget;
			buildConfigurationList = 848F24A11D33ADC60009E1F0 /* Build configuration list for PBXNativeTarget "MacondoTests" */;
			buildPhases = (
				848F24861D33ADC60009E1F0 /* Sources */,
				848F24871D33ADC60009E1F0 /* Frameworks */,
				848F24881D33ADC60009E1F0 /* Resources */,
			);
			buildRules = (
			);
			dependencies = (
				848F248C1D33ADC60009E1F0 /* PBXTargetDependency */,
			);
			name = MacondoTests;
			productName = MacondoTests;
			productReference = 848F248A1D33ADC60009E1F0 /* MacondoTests.xctest */;
			productType = "com.apple.product-type.bundle.unit-test";
		};
		848F24941D33ADC60009E1F0 /* MacondoUITests */ = {
			isa = PBXNativeTarget;
			buildConfigurationList = 848F24A41D33ADC60009E1F0 /* Build configuration list for PBXNativeTarget "MacondoUITests" */;
			buildPhases = (
				848F24911D33ADC60009E1F0 /* Sources */,
				848F24921D33ADC60009E1F0 /* Frameworks */,
				848F24931D33ADC60009E1F0 /* Resources */,
			);
			buildRules = (
			);
			dependencies = (
				848F24971D33ADC60009E1F0 /* PBXTargetDependency */,
			);
			name = MacondoUITests;
			productName = MacondoUITests;
			productReference = 848F24951D33ADC60009E1F0 /* MacondoUITests.xctest */;
			productType = "com.apple.product-type.bundle.ui-testing";
		};
/* End PBXNativeTarget section */

/* Begin PBXProject section */
		848F24691D33ADC60009E1F0 /* Project object */ = {
			isa = PBXProject;
			attributes = {
				LastUpgradeCheck = 0800;
				ORGANIZATIONNAME = wangchangyang;
				TargetAttributes = {
					848F24701D33ADC60009E1F0 = {
						CreatedOnToolsVersion = 7.3.1;
						DevelopmentTeam = 9X33CT335A;
						ProvisioningStyle = Automatic;
					};
					848F24891D33ADC60009E1F0 = {
						CreatedOnToolsVersion = 7.3.1;
						TestTargetID = 848F24701D33ADC60009E1F0;
					};
					848F24941D33ADC60009E1F0 = {
						CreatedOnToolsVersion = 7.3.1;
						TestTargetID = 848F24701D33ADC60009E1F0;
					};
				};
			};
			buildConfigurationList = 848F246C1D33ADC60009E1F0 /* Build configuration list for PBXProject "Macondo" */;
			compatibilityVersion = "Xcode 3.2";
			developmentRegion = English;
			hasScannedForEncodings = 0;
			knownRegions = (
				en,
				Base,
				"zh-Hans",
			);
			mainGroup = 848F24681D33ADC60009E1F0;
			productRefGroup = 848F24721D33ADC60009E1F0 /* Products */;
			projectDirPath = "";
			projectRoot = "";
			targets = (
				848F24701D33ADC60009E1F0 /* Macondo */,
				848F24891D33ADC60009E1F0 /* MacondoTests */,
				848F24941D33ADC60009E1F0 /* MacondoUITests */,
			);
		};
/* End PBXProject section */

/* Begin PBXResourcesBuildPhase section */
		848F246F1D33ADC60009E1F0 /* Resources */ = {
			isa = PBXResourcesBuildPhase;
			buildActionMask = 2147483647;
			files = (
				848F24B81D33AF4F0009E1F0 /* Localizable.strings in Resources */,
				84E7AD061D65B3E300F7AA7C /* Introduce.key in Resources */,
				84CFDDEC1D7C10D300BFDA79 /* Login.storyboard in Resources */,
				848F24841D33ADC60009E1F0 /* LaunchScreen.storyboard in Resources */,
				848F24BC1D33AF670009E1F0 /* InfoPlist.strings in Resources */,
				848F24811D33ADC60009E1F0 /* Assets.xcassets in Resources */,
				848F247F1D33ADC60009E1F0 /* Main.storyboard in Resources */,
			);
			runOnlyForDeploymentPostprocessing = 0;
		};
		848F24881D33ADC60009E1F0 /* Resources */ = {
			isa = PBXResourcesBuildPhase;
			buildActionMask = 2147483647;
			files = (
			);
			runOnlyForDeploymentPostprocessing = 0;
		};
		848F24931D33ADC60009E1F0 /* Resources */ = {
			isa = PBXResourcesBuildPhase;
			buildActionMask = 2147483647;
			files = (
			);
			runOnlyForDeploymentPostprocessing = 0;
		};
/* End PBXResourcesBuildPhase section */

/* Begin PBXSourcesBuildPhase section */
		848F246D1D33ADC60009E1F0 /* Sources */ = {
			isa = PBXSourcesBuildPhase;
			buildActionMask = 2147483647;
			files = (
				843754C51D85359600DD48FC /* ArtistModel.m in Sources */,
				84172C351D3CC41D00B4E6C8 /* SetupTableViewController.m in Sources */,
				84BB17851D62F7A700290769 /* AFSecurityPolicy.m in Sources */,
				843754BC1D852D1A00DD48FC /* AlbumModel.m in Sources */,
				84FE5E371D914FD20072421C /* STKDataSource.m in Sources */,
				84FE5E351D914FD20072421C /* STKAutoRecoveringHTTPDataSource.m in Sources */,
				843754CB1D85375B00DD48FC /* AlbumInfoModel.m in Sources */,
				DDFCB2561D39428E008AC34F /* MyInfoTableViewController.m in Sources */,
				84CB190F1D940C9800C1B564 /* UserModel.m in Sources */,
				843754D21D85403B00DD48FC /* MusicModel.m in Sources */,
				8465E25B1D38E71000DF9A8F /* PlayingViewController.m in Sources */,
				84FE5E3A1D914FD20072421C /* STKLocalFileDataSource.m in Sources */,
				84172C291D3CA53000B4E6C8 /* ProfileTableViewController.m in Sources */,
				84CB19081D94020400C1B564 /* AccountManager.m in Sources */,
				848F24761D33ADC60009E1F0 /* main.m in Sources */,
				84172C3C1D3CCD6900B4E6C8 /* FriendsTableViewController.m in Sources */,
				84FE5E391D914FD20072421C /* STKHTTPDataSource.m in Sources */,
				84CB190B1D94021500C1B564 /* AudioPlayManager.m in Sources */,
				843754CE1D853E8400DD48FC /* SongModel.m in Sources */,
				843754B71D82C63800DD48FC /* NSObject+YYModel.m in Sources */,
				84FE5E381D914FD20072421C /* STKDataSourceWrapper.m in Sources */,
				84CB19051D9401F900C1B564 /* SourceManager.m in Sources */,
				84BB17861D62F7A700290769 /* AFURLRequestSerialization.m in Sources */,
				842626421D4229AF008688C7 /* SquareCollectionViewController.m in Sources */,
				841B18871D953CB4000ED198 /* LoginViewController.m in Sources */,
				843754B81D82C63800DD48FC /* YYClassInfo.m in Sources */,
				84BB17881D62F7A700290769 /* AFURLSessionManager.m in Sources */,
				84FE5E3B1D914FD20072421C /* STKQueueEntry.m in Sources */,
				848F24AA1D33AE0C0009E1F0 /* AppDelegate.m in Sources */,
				84FE5E361D914FD20072421C /* STKCoreFoundationDataSource.m in Sources */,
				84172C311D3CAD1B00B4E6C8 /* FansTableViewController.m in Sources */,
				84FE5E331D914FD20072421C /* NSMutableArray+STKAudioPlayer.m in Sources */,
				84FE5E341D914FD20072421C /* STKAudioPlayer.m in Sources */,
				843754D61D854CE700DD48FC /* SquareCollectionViewCell.m in Sources */,
				8465E25F1D38EE6700DF9A8F /* PosterImageView.m in Sources */,
				84BB17871D62F7A700290769 /* AFURLResponseSerialization.m in Sources */,
				84BB17841D62F7A700290769 /* AFNetworkReachabilityManager.m in Sources */,
				84172C2D1D3CA9E600B4E6C8 /* FavoriteTableViewController.m in Sources */,
				84172C381D3CC84400B4E6C8 /* StarsTableViewController.m in Sources */,
				84BB17831D62F7A700290769 /* AFHTTPSessionManager.m in Sources */,
			);
			runOnlyForDeploymentPostprocessing = 0;
		};
		848F24861D33ADC60009E1F0 /* Sources */ = {
			isa = PBXSourcesBuildPhase;
			buildActionMask = 2147483647;
			files = (
				848F248F1D33ADC60009E1F0 /* MacondoTests.m in Sources */,
			);
			runOnlyForDeploymentPostprocessing = 0;
		};
		848F24911D33ADC60009E1F0 /* Sources */ = {
			isa = PBXSourcesBuildPhase;
			buildActionMask = 2147483647;
			files = (
				848F249A1D33ADC60009E1F0 /* MacondoUITests.m in Sources */,
			);
			runOnlyForDeploymentPostprocessing = 0;
		};
/* End PBXSourcesBuildPhase section */

/* Begin PBXTargetDependency section */
		848F248C1D33ADC60009E1F0 /* PBXTargetDependency */ = {
			isa = PBXTargetDependency;
			target = 848F24701D33ADC60009E1F0 /* Macondo */;
			targetProxy = 848F248B1D33ADC60009E1F0 /* PBXContainerItemProxy */;
		};
		848F24971D33ADC60009E1F0 /* PBXTargetDependency */ = {
			isa = PBXTargetDependency;
			target = 848F24701D33ADC60009E1F0 /* Macondo */;
			targetProxy = 848F24961D33ADC60009E1F0 /* PBXContainerItemProxy */;
		};
/* End PBXTargetDependency section */

/* Begin PBXVariantGroup section */
		848F247D1D33ADC60009E1F0 /* Main.storyboard */ = {
			isa = PBXVariantGroup;
			children = (
				84172C201D3C881C00B4E6C8 /* Base */,
			);
			name = Main.storyboard;
			sourceTree = "<group>";
		};
		848F24821D33ADC60009E1F0 /* LaunchScreen.storyboard */ = {
			isa = PBXVariantGroup;
			children = (
				DDC5FE491D39C4500052AB8B /* zh-Hans */,
				DDC5FE4A1D39C4500052AB8B /* en */,
				84172C211D3C882400B4E6C8 /* Base */,
			);
			name = LaunchScreen.storyboard;
			sourceTree = "<group>";
		};
		848F24BA1D33AF4F0009E1F0 /* Localizable.strings */ = {
			isa = PBXVariantGroup;
			children = (
				848F24B91D33AF4F0009E1F0 /* en */,
				848F24BB1D33AF520009E1F0 /* zh-Hans */,
			);
			name = Localizable.strings;
			sourceTree = "<group>";
		};
		848F24BE1D33AF670009E1F0 /* InfoPlist.strings */ = {
			isa = PBXVariantGroup;
			children = (
				848F24BD1D33AF670009E1F0 /* en */,
				848F24BF1D33AF6B0009E1F0 /* zh-Hans */,
			);
			name = InfoPlist.strings;
			sourceTree = "<group>";
		};
/* End PBXVariantGroup section */

/* Begin XCBuildConfiguration section */
		848F249C1D33ADC60009E1F0 /* Debug */ = {
			isa = XCBuildConfiguration;
			buildSettings = {
				ALWAYS_SEARCH_USER_PATHS = NO;
				CLANG_ANALYZER_LOCALIZABILITY_NONLOCALIZED = YES;
				CLANG_ANALYZER_NONNULL = YES;
				CLANG_CXX_LANGUAGE_STANDARD = "gnu++0x";
				CLANG_CXX_LIBRARY = "libc++";
				CLANG_ENABLE_MODULES = YES;
				CLANG_ENABLE_OBJC_ARC = YES;
				CLANG_WARN_BOOL_CONVERSION = YES;
				CLANG_WARN_CONSTANT_CONVERSION = YES;
				CLANG_WARN_DIRECT_OBJC_ISA_USAGE = YES_ERROR;
				CLANG_WARN_EMPTY_BODY = YES;
				CLANG_WARN_ENUM_CONVERSION = YES;
				CLANG_WARN_INFINITE_RECURSION = YES;
				CLANG_WARN_INT_CONVERSION = YES;
				CLANG_WARN_OBJC_ROOT_CLASS = YES_ERROR;
				CLANG_WARN_SUSPICIOUS_MOVE = YES;
				CLANG_WARN_UNREACHABLE_CODE = YES;
				CLANG_WARN__DUPLICATE_METHOD_MATCH = YES;
				"CODE_SIGN_IDENTITY[sdk=iphoneos*]" = "iPhone Developer";
				COPY_PHASE_STRIP = NO;
				DEBUG_INFORMATION_FORMAT = dwarf;
				ENABLE_STRICT_OBJC_MSGSEND = YES;
				ENABLE_TESTABILITY = YES;
				GCC_C_LANGUAGE_STANDARD = gnu99;
				GCC_DYNAMIC_NO_PIC = NO;
				GCC_NO_COMMON_BLOCKS = YES;
				GCC_OPTIMIZATION_LEVEL = 0;
				GCC_PREPROCESSOR_DEFINITIONS = (
					"DEBUG=1",
					"$(inherited)",
				);
				GCC_WARN_64_TO_32_BIT_CONVERSION = YES;
				GCC_WARN_ABOUT_RETURN_TYPE = YES_ERROR;
				GCC_WARN_UNDECLARED_SELECTOR = YES;
				GCC_WARN_UNINITIALIZED_AUTOS = YES_AGGRESSIVE;
				GCC_WARN_UNUSED_FUNCTION = YES;
				GCC_WARN_UNUSED_VARIABLE = YES;
				IPHONEOS_DEPLOYMENT_TARGET = 8.0;
				MTL_ENABLE_DEBUG_INFO = YES;
				ONLY_ACTIVE_ARCH = YES;
				SDKROOT = iphoneos;
				TARGETED_DEVICE_FAMILY = "1,2";
			};
			name = Debug;
		};
		848F249D1D33ADC60009E1F0 /* Release */ = {
			isa = XCBuildConfiguration;
			buildSettings = {
				ALWAYS_SEARCH_USER_PATHS = NO;
				CLANG_ANALYZER_LOCALIZABILITY_NONLOCALIZED = YES;
				CLANG_ANALYZER_NONNULL = YES;
				CLANG_CXX_LANGUAGE_STANDARD = "gnu++0x";
				CLANG_CXX_LIBRARY = "libc++";
				CLANG_ENABLE_MODULES = YES;
				CLANG_ENABLE_OBJC_ARC = YES;
				CLANG_WARN_BOOL_CONVERSION = YES;
				CLANG_WARN_CONSTANT_CONVERSION = YES;
				CLANG_WARN_DIRECT_OBJC_ISA_USAGE = YES_ERROR;
				CLANG_WARN_EMPTY_BODY = YES;
				CLANG_WARN_ENUM_CONVERSION = YES;
				CLANG_WARN_INFINITE_RECURSION = YES;
				CLANG_WARN_INT_CONVERSION = YES;
				CLANG_WARN_OBJC_ROOT_CLASS = YES_ERROR;
				CLANG_WARN_SUSPICIOUS_MOVE = YES;
				CLANG_WARN_UNREACHABLE_CODE = YES;
				CLANG_WARN__DUPLICATE_METHOD_MATCH = YES;
				"CODE_SIGN_IDENTITY[sdk=iphoneos*]" = "iPhone Developer";
				COPY_PHASE_STRIP = NO;
				DEBUG_INFORMATION_FORMAT = "dwarf-with-dsym";
				ENABLE_NS_ASSERTIONS = NO;
				ENABLE_STRICT_OBJC_MSGSEND = YES;
				GCC_C_LANGUAGE_STANDARD = gnu99;
				GCC_NO_COMMON_BLOCKS = YES;
				GCC_WARN_64_TO_32_BIT_CONVERSION = YES;
				GCC_WARN_ABOUT_RETURN_TYPE = YES_ERROR;
				GCC_WARN_UNDECLARED_SELECTOR = YES;
				GCC_WARN_UNINITIALIZED_AUTOS = YES_AGGRESSIVE;
				GCC_WARN_UNUSED_FUNCTION = YES;
				GCC_WARN_UNUSED_VARIABLE = YES;
				IPHONEOS_DEPLOYMENT_TARGET = 8.0;
				MTL_ENABLE_DEBUG_INFO = NO;
				SDKROOT = iphoneos;
				TARGETED_DEVICE_FAMILY = "1,2";
				VALIDATE_PRODUCT = YES;
			};
			name = Release;
		};
		848F249F1D33ADC60009E1F0 /* Debug */ = {
			isa = XCBuildConfiguration;
			buildSettings = {
				ASSETCATALOG_COMPILER_APPICON_NAME = AppIcon;
				CODE_SIGN_IDENTITY = "iPhone Developer";
				"CODE_SIGN_IDENTITY[sdk=iphoneos*]" = "iPhone Developer";
				DEVELOPMENT_TEAM = 9X33CT335A;
				INFOPLIST_FILE = Macondo/Info.plist;
				LD_RUNPATH_SEARCH_PATHS = "$(inherited) @executable_path/Frameworks";
				PRODUCT_BUNDLE_IDENTIFIER = com.wchyang.Macondo;
				PRODUCT_NAME = "$(TARGET_NAME)";
			};
			name = Debug;
		};
		848F24A01D33ADC60009E1F0 /* Release */ = {
			isa = XCBuildConfiguration;
			buildSettings = {
				ASSETCATALOG_COMPILER_APPICON_NAME = AppIcon;
				CODE_SIGN_IDENTITY = "iPhone Developer";
				"CODE_SIGN_IDENTITY[sdk=iphoneos*]" = "iPhone Developer";
				DEVELOPMENT_TEAM = 9X33CT335A;
				INFOPLIST_FILE = Macondo/Info.plist;
				LD_RUNPATH_SEARCH_PATHS = "$(inherited) @executable_path/Frameworks";
				PRODUCT_BUNDLE_IDENTIFIER = com.wchyang.Macondo;
				PRODUCT_NAME = "$(TARGET_NAME)";
			};
			name = Release;
		};
		848F24A21D33ADC60009E1F0 /* Debug */ = {
			isa = XCBuildConfiguration;
			buildSettings = {
				BUNDLE_LOADER = "$(TEST_HOST)";
				INFOPLIST_FILE = MacondoTests/Info.plist;
				LD_RUNPATH_SEARCH_PATHS = "$(inherited) @executable_path/Frameworks @loader_path/Frameworks";
				PRODUCT_BUNDLE_IDENTIFIER = com.yangMore.MacondoTests;
				PRODUCT_NAME = "$(TARGET_NAME)";
				TEST_HOST = "$(BUILT_PRODUCTS_DIR)/Macondo.app/Macondo";
			};
			name = Debug;
		};
		848F24A31D33ADC60009E1F0 /* Release */ = {
			isa = XCBuildConfiguration;
			buildSettings = {
				BUNDLE_LOADER = "$(TEST_HOST)";
				INFOPLIST_FILE = MacondoTests/Info.plist;
				LD_RUNPATH_SEARCH_PATHS = "$(inherited) @executable_path/Frameworks @loader_path/Frameworks";
				PRODUCT_BUNDLE_IDENTIFIER = com.yangMore.MacondoTests;
				PRODUCT_NAME = "$(TARGET_NAME)";
				TEST_HOST = "$(BUILT_PRODUCTS_DIR)/Macondo.app/Macondo";
			};
			name = Release;
		};
		848F24A51D33ADC60009E1F0 /* Debug */ = {
			isa = XCBuildConfiguration;
			buildSettings = {
				INFOPLIST_FILE = MacondoUITests/Info.plist;
				LD_RUNPATH_SEARCH_PATHS = "$(inherited) @executable_path/Frameworks @loader_path/Frameworks";
				PRODUCT_BUNDLE_IDENTIFIER = com.yangMore.MacondoUITests;
				PRODUCT_NAME = "$(TARGET_NAME)";
				TEST_TARGET_NAME = Macondo;
			};
			name = Debug;
		};
		848F24A61D33ADC60009E1F0 /* Release */ = {
			isa = XCBuildConfiguration;
			buildSettings = {
				INFOPLIST_FILE = MacondoUITests/Info.plist;
				LD_RUNPATH_SEARCH_PATHS = "$(inherited) @executable_path/Frameworks @loader_path/Frameworks";
				PRODUCT_BUNDLE_IDENTIFIER = com.yangMore.MacondoUITests;
				PRODUCT_NAME = "$(TARGET_NAME)";
				TEST_TARGET_NAME = Macondo;
			};
			name = Release;
		};
/* End XCBuildConfiguration section */

/* Begin XCConfigurationList section */
		848F246C1D33ADC60009E1F0 /* Build configuration list for PBXProject "Macondo" */ = {
			isa = XCConfigurationList;
			buildConfigurations = (
				848F249C1D33ADC60009E1F0 /* Debug */,
				848F249D1D33ADC60009E1F0 /* Release */,
			);
			defaultConfigurationIsVisible = 0;
			defaultConfigurationName = Release;
		};
		848F249E1D33ADC60009E1F0 /* Build configuration list for PBXNativeTarget "Macondo" */ = {
			isa = XCConfigurationList;
			buildConfigurations = (
				848F249F1D33ADC60009E1F0 /* Debug */,
				848F24A01D33ADC60009E1F0 /* Release */,
			);
			defaultConfigurationIsVisible = 0;
			defaultConfigurationName = Release;
		};
		848F24A11D33ADC60009E1F0 /* Build configuration list for PBXNativeTarget "MacondoTests" */ = {
			isa = XCConfigurationList;
			buildConfigurations = (
				848F24A21D33ADC60009E1F0 /* Debug */,
				848F24A31D33ADC60009E1F0 /* Release */,
			);
			defaultConfigurationIsVisible = 0;
			defaultConfigurationName = Release;
		};
		848F24A41D33ADC60009E1F0 /* Build configuration list for PBXNativeTarget "MacondoUITests" */ = {
			isa = XCConfigurationList;
			buildConfigurations = (
				848F24A51D33ADC60009E1F0 /* Debug */,
				848F24A61D33ADC60009E1F0 /* Release */,
			);
			defaultConfigurationIsVisible = 0;
			defaultConfigurationName = Release;
		};
/* End XCConfigurationList section */
	};
	rootObject = 848F24691D33ADC60009E1F0 /* Project object */;
}
